
Microsoft Visual Studio Solution File, Format Version 12.00
# Visual Studio 15
VisualStudioVersion = 15.0.26730.12
MinimumVisualStudioVersion = 10.0.40219.1
Project("{FAE04EC0-301F-11D3-BF4B-00C04F79EFBC}") = "HybridView", "HybridView\HybridView.csproj", "{BFDCC722-AC55-46D4-B786-E24617A9B0DB}"
EndProject
Project("{FAE04EC0-301F-11D3-BF4B-00C04F79EFBC}") = "HybridView.iOS", "HybridView.iOS\HybridView.iOS.csproj", "{58A38126-6A64-48AC-BE27-843CCF625041}"
EndProject
Project("{FAE04EC0-301F-11D3-BF4B-00C04F79EFBC}") = "HybridView.Droid", "HybridView.Droid\HybridView.Droid.csproj", "{3F4A5ACB-C273-4020-AFCF-EF853C2ED0E7}"
EndProject
Project("{2150E333-8FDC-42A3-9474-1A3956D46DE8}") = "!SolutionItems", "!SolutionItems", "{A325233D-5875-49C3-8D00-A93D0F8AB64F}"
	ProjectSection(SolutionItems) = preProject
		!SolutionItems\customStyle.css = !SolutionItems\customStyle.css
		!SolutionItems\icon.png = !SolutionItems\icon.png
		!SolutionItems\jquery-2.2.2.js = !SolutionItems\jquery-2.2.2.js
		!SolutionItems\jsscript.js = !SolutionItems\jsscript.js
		!SolutionItems\login.html = !SolutionItems\login.html
	EndProjectSection
EndProject
Project("{FAE04EC0-301F-11D3-BF4B-00C04F79EFBC}") = "HybridView.UWP", "HybridView.UWP\HybridView.UWP.csproj", "{5D1D02D6-8E9E-4484-AFE9-246A2AFF71D9}"
EndProject
Project("{FAE04EC0-301F-11D3-BF4B-00C04F79EFBC}") = "Hybridview.Rest", "Hybridview.Rest\Hybridview.Rest.csproj", "{B6BBF972-CC03-4E8F-9F9C-C7608229DC60}"
EndProject
Global
	GlobalSection(SolutionConfigurationPlatforms) = preSolution
		Ad-Hoc|Any CPU = Ad-Hoc|Any CPU
		Ad-Hoc|ARM = Ad-Hoc|ARM
		Ad-Hoc|iPhone = Ad-Hoc|iPhone
		Ad-Hoc|iPhoneSimulator = Ad-Hoc|iPhoneSimulator
		Ad-Hoc|x64 = Ad-Hoc|x64
		Ad-Hoc|x86 = Ad-Hoc|x86
		AppStore|Any CPU = AppStore|Any CPU
		AppStore|ARM = AppStore|ARM
		AppStore|iPhone = AppStore|iPhone
		AppStore|iPhoneSimulator = AppStore|iPhoneSimulator
		AppStore|x64 = AppStore|x64
		AppStore|x86 = AppStore|x86
		Debug|Any CPU = Debug|Any CPU
		Debug|ARM = Debug|ARM
		Debug|iPhone = Debug|iPhone
		Debug|iPhoneSimulator = Debug|iPhoneSimulator
		Debug|x64 = Debug|x64
		Debug|x86 = Debug|x86
		Release|Any CPU = Release|Any CPU
		Release|ARM = Release|ARM
		Release|iPhone = Release|iPhone
		Release|iPhoneSimulator = Release|iPhoneSimulator
		Release|x64 = Release|x64
		Release|x86 = Release|x86
	EndGlobalSection
	GlobalSection(ProjectConfigurationPlatforms) = postSolution
		{BFDCC722-AC55-46D4-B786-E24617A9B0DB}.Ad-Hoc|Any CPU.ActiveCfg = Release|Any CPU
		{BFDCC722-AC55-46D4-B786-E24617A9B0DB}.Ad-Hoc|Any CPU.Build.0 = Release|Any CPU
		{BFDCC722-AC55-46D4-B786-E24617A9B0DB}.Ad-Hoc|ARM.ActiveCfg = Debug|Any CPU
		{BFDCC722-AC55-46D4-B786-E24617A9B0DB}.Ad-Hoc|ARM.Build.0 = Debug|Any CPU
		{BFDCC722-AC55-46D4-B786-E24617A9B0DB}.Ad-Hoc|iPhone.ActiveCfg = Release|Any CPU
		{BFDCC722-AC55-46D4-B786-E24617A9B0DB}.Ad-Hoc|iPhone.Build.0 = Release|Any CPU
		{BFDCC722-AC55-46D4-B786-E24617A9B0DB}.Ad-Hoc|iPhoneSimulator.ActiveCfg = Release|Any CPU
		{BFDCC722-AC55-46D4-B786-E24617A9B0DB}.Ad-Hoc|iPhoneSimulator.Build.0 = Release|Any CPU
		{BFDCC722-AC55-46D4-B786-E24617A9B0DB}.Ad-Hoc|x64.ActiveCfg = Debug|Any CPU
		{BFDCC722-AC55-46D4-B786-E24617A9B0DB}.Ad-Hoc|x64.Build.0 = Debug|Any CPU
		{BFDCC722-AC55-46D4-B786-E24617A9B0DB}.Ad-Hoc|x86.ActiveCfg = Debug|Any CPU
		{BFDCC722-AC55-46D4-B786-E24617A9B0DB}.Ad-Hoc|x86.Build.0 = Debug|Any CPU
		{BFDCC722-AC55-46D4-B786-E24617A9B0DB}.AppStore|Any CPU.ActiveCfg = Release|Any CPU
		{BFDCC722-AC55-46D4-B786-E24617A9B0DB}.AppStore|Any CPU.Build.0 = Release|Any CPU
		{BFDCC722-AC55-46D4-B786-E24617A9B0DB}.AppStore|ARM.ActiveCfg = Debug|Any CPU
		{BFDCC722-AC55-46D4-B786-E24617A9B0DB}.AppStore|ARM.Build.0 = Debug|Any CPU
		{BFDCC722-AC55-46D4-B786-E24617A9B0DB}.AppStore|iPhone.ActiveCfg = Release|Any CPU
		{BFDCC722-AC55-46D4-B786-E24617A9B0DB}.AppStore|iPhone.Build.0 = Release|Any CPU
		{BFDCC722-AC55-46D4-B786-E24617A9B0DB}.AppStore|iPhoneSimulator.ActiveCfg = Release|Any CPU
		{BFDCC722-AC55-46D4-B786-E24617A9B0DB}.AppStore|iPhoneSimulator.Build.0 = Release|Any CPU
		{BFDCC722-AC55-46D4-B786-E24617A9B0DB}.AppStore|x64.ActiveCfg = Debug|Any CPU
		{BFDCC722-AC55-46D4-B786-E24617A9B0DB}.AppStore|x64.Build.0 = Debug|Any CPU
		{BFDCC722-AC55-46D4-B786-E24617A9B0DB}.AppStore|x86.ActiveCfg = Debug|Any CPU
		{BFDCC722-AC55-46D4-B786-E24617A9B0DB}.AppStore|x86.Build.0 = Debug|Any CPU
		{BFDCC722-AC55-46D4-B786-E24617A9B0DB}.Debug|Any CPU.ActiveCfg = Debug|Any CPU
		{BFDCC722-AC55-46D4-B786-E24617A9B0DB}.Debug|Any CPU.Build.0 = Debug|Any CPU
		{BFDCC722-AC55-46D4-B786-E24617A9B0DB}.Debug|ARM.ActiveCfg = Debug|Any CPU
		{BFDCC722-AC55-46D4-B786-E24617A9B0DB}.Debug|ARM.Build.0 = Debug|Any CPU
		{BFDCC722-AC55-46D4-B786-E24617A9B0DB}.Debug|iPhone.ActiveCfg = Debug|Any CPU
		{BFDCC722-AC55-46D4-B786-E24617A9B0DB}.Debug|iPhone.Build.0 = Debug|Any CPU
		{BFDCC722-AC55-46D4-B786-E24617A9B0DB}.Debug|iPhoneSimulator.ActiveCfg = Debug|Any CPU
		{BFDCC722-AC55-46D4-B786-E24617A9B0DB}.Debug|iPhoneSimulator.Build.0 = Debug|Any CPU
		{BFDCC722-AC55-46D4-B786-E24617A9B0DB}.Debug|x64.ActiveCfg = Debug|Any CPU
		{BFDCC722-AC55-46D4-B786-E24617A9B0DB}.Debug|x64.Build.0 = Debug|Any CPU
		{BFDCC722-AC55-46D4-B786-E24617A9B0DB}.Debug|x86.ActiveCfg = Debug|Any CPU
		{BFDCC722-AC55-46D4-B786-E24617A9B0DB}.Debug|x86.Build.0 = Debug|Any CPU
		{BFDCC722-AC55-46D4-B786-E24617A9B0DB}.Release|Any CPU.ActiveCfg = Release|Any CPU
		{BFDCC722-AC55-46D4-B786-E24617A9B0DB}.Release|Any CPU.Build.0 = Release|Any CPU
		{BFDCC722-AC55-46D4-B786-E24617A9B0DB}.Release|ARM.ActiveCfg = Release|Any CPU
		{BFDCC722-AC55-46D4-B786-E24617A9B0DB}.Release|ARM.Build.0 = Release|Any CPU
		{BFDCC722-AC55-46D4-B786-E24617A9B0DB}.Release|iPhone.ActiveCfg = Release|Any CPU
		{BFDCC722-AC55-46D4-B786-E24617A9B0DB}.Release|iPhone.Build.0 = Release|Any CPU
		{BFDCC722-AC55-46D4-B786-E24617A9B0DB}.Release|iPhoneSimulator.ActiveCfg = Release|Any CPU
		{BFDCC722-AC55-46D4-B786-E24617A9B0DB}.Release|iPhoneSimulator.Build.0 = Release|Any CPU
		{BFDCC722-AC55-46D4-B786-E24617A9B0DB}.Release|x64.ActiveCfg = Release|Any CPU
		{BFDCC722-AC55-46D4-B786-E24617A9B0DB}.Release|x64.Build.0 = Release|Any CPU
		{BFDCC722-AC55-46D4-B786-E24617A9B0DB}.Release|x86.ActiveCfg = Release|Any CPU
		{BFDCC722-AC55-46D4-B786-E24617A9B0DB}.Release|x86.Build.0 = Release|Any CPU
		{58A38126-6A64-48AC-BE27-843CCF625041}.Ad-Hoc|Any CPU.ActiveCfg = Ad-Hoc|iPhone
		{58A38126-6A64-48AC-BE27-843CCF625041}.Ad-Hoc|ARM.ActiveCfg = Ad-Hoc|iPhoneSimulator
		{58A38126-6A64-48AC-BE27-843CCF625041}.Ad-Hoc|iPhone.ActiveCfg = Ad-Hoc|iPhone
		{58A38126-6A64-48AC-BE27-843CCF625041}.Ad-Hoc|iPhone.Build.0 = Ad-Hoc|iPhone
		{58A38126-6A64-48AC-BE27-843CCF625041}.Ad-Hoc|iPhoneSimulator.ActiveCfg = Ad-Hoc|iPhoneSimulator
		{58A38126-6A64-48AC-BE27-843CCF625041}.Ad-Hoc|iPhoneSimulator.Build.0 = Ad-Hoc|iPhoneSimulator
		{58A38126-6A64-48AC-BE27-843CCF625041}.Ad-Hoc|x64.ActiveCfg = Ad-Hoc|iPhoneSimulator
		{58A38126-6A64-48AC-BE27-843CCF625041}.Ad-Hoc|x86.ActiveCfg = Ad-Hoc|iPhoneSimulator
		{58A38126-6A64-48AC-BE27-843CCF625041}.AppStore|Any CPU.ActiveCfg = AppStore|iPhone
		{58A38126-6A64-48AC-BE27-843CCF625041}.AppStore|ARM.ActiveCfg = AppStore|iPhoneSimulator
		{58A38126-6A64-48AC-BE27-843CCF625041}.AppStore|iPhone.ActiveCfg = AppStore|iPhone
		{58A38126-6A64-48AC-BE27-843CCF625041}.AppStore|iPhone.Build.0 = AppStore|iPhone
		{58A38126-6A64-48AC-BE27-843CCF625041}.AppStore|iPhoneSimulator.ActiveCfg = AppStore|iPhoneSimulator
		{58A38126-6A64-48AC-BE27-843CCF625041}.AppStore|iPhoneSimulator.Build.0 = AppStore|iPhoneSimulator
		{58A38126-6A64-48AC-BE27-843CCF625041}.AppStore|x64.ActiveCfg = AppStore|iPhoneSimulator
		{58A38126-6A64-48AC-BE27-843CCF625041}.AppStore|x86.ActiveCfg = AppStore|iPhoneSimulator
		{58A38126-6A64-48AC-BE27-843CCF625041}.Debug|Any CPU.ActiveCfg = Debug|iPhone
		{58A38126-6A64-48AC-BE27-843CCF625041}.Debug|Any CPU.Build.0 = Debug|iPhone
		{58A38126-6A64-48AC-BE27-843CCF625041}.Debug|ARM.ActiveCfg = Debug|iPhoneSimulator
		{58A38126-6A64-48AC-BE27-843CCF625041}.Debug|iPhone.ActiveCfg = Debug|iPhone
		{58A38126-6A64-48AC-BE27-843CCF625041}.Debug|iPhone.Build.0 = Debug|iPhone
		{58A38126-6A64-48AC-BE27-843CCF625041}.Debug|iPhoneSimulator.ActiveCfg = Debug|iPhoneSimulator
		{58A38126-6A64-48AC-BE27-843CCF625041}.Debug|iPhoneSimulator.Build.0 = Debug|iPhoneSimulator
		{58A38126-6A64-48AC-BE27-843CCF625041}.Debug|x64.ActiveCfg = Debug|iPhoneSimulator
		{58A38126-6A64-48AC-BE27-843CCF625041}.Debug|x86.ActiveCfg = Debug|iPhoneSimulator
		{58A38126-6A64-48AC-BE27-843CCF625041}.Release|Any CPU.ActiveCfg = Release|iPhone
		{58A38126-6A64-48AC-BE27-843CCF625041}.Release|ARM.ActiveCfg = Release|iPhoneSimulator
		{58A38126-6A64-48AC-BE27-843CCF625041}.Release|iPhone.ActiveCfg = Release|iPhone
		{58A38126-6A64-48AC-BE27-843CCF625041}.Release|iPhone.Build.0 = Release|iPhone
		{58A38126-6A64-48AC-BE27-843CCF625041}.Release|iPhoneSimulator.ActiveCfg = Release|iPhoneSimulator
		{58A38126-6A64-48AC-BE27-843CCF625041}.Release|iPhoneSimulator.Build.0 = Release|iPhoneSimulator
		{58A38126-6A64-48AC-BE27-843CCF625041}.Release|x64.ActiveCfg = Release|iPhoneSimulator
		{58A38126-6A64-48AC-BE27-843CCF625041}.Release|x86.ActiveCfg = Release|iPhoneSimulator
		{3F4A5ACB-C273-4020-AFCF-EF853C2ED0E7}.Ad-Hoc|Any CPU.ActiveCfg = Release|Any CPU
		{3F4A5ACB-C273-4020-AFCF-EF853C2ED0E7}.Ad-Hoc|Any CPU.Build.0 = Release|Any CPU
		{3F4A5ACB-C273-4020-AFCF-EF853C2ED0E7}.Ad-Hoc|Any CPU.Deploy.0 = Release|Any CPU
		{3F4A5ACB-C273-4020-AFCF-EF853C2ED0E7}.Ad-Hoc|ARM.ActiveCfg = Debug|Any CPU
		{3F4A5ACB-C273-4020-AFCF-EF853C2ED0E7}.Ad-Hoc|ARM.Build.0 = Debug|Any CPU
		{3F4A5ACB-C273-4020-AFCF-EF853C2ED0E7}.Ad-Hoc|ARM.Deploy.0 = Debug|Any CPU
		{3F4A5ACB-C273-4020-AFCF-EF853C2ED0E7}.Ad-Hoc|iPhone.ActiveCfg = Release|Any CPU
		{3F4A5ACB-C273-4020-AFCF-EF853C2ED0E7}.Ad-Hoc|iPhone.Build.0 = Release|Any CPU
		{3F4A5ACB-C273-4020-AFCF-EF853C2ED0E7}.Ad-Hoc|iPhone.Deploy.0 = Release|Any CPU
		{3F4A5ACB-C273-4020-AFCF-EF853C2ED0E7}.Ad-Hoc|iPhoneSimulator.ActiveCfg = Release|Any CPU
		{3F4A5ACB-C273-4020-AFCF-EF853C2ED0E7}.Ad-Hoc|iPhoneSimulator.Build.0 = Release|Any CPU
		{3F4A5ACB-C273-4020-AFCF-EF853C2ED0E7}.Ad-Hoc|iPhoneSimulator.Deploy.0 = Release|Any CPU
		{3F4A5ACB-C273-4020-AFCF-EF853C2ED0E7}.Ad-Hoc|x64.ActiveCfg = Debug|Any CPU
		{3F4A5ACB-C273-4020-AFCF-EF853C2ED0E7}.Ad-Hoc|x64.Build.0 = Debug|Any CPU
		{3F4A5ACB-C273-4020-AFCF-EF853C2ED0E7}.Ad-Hoc|x64.Deploy.0 = Debug|Any CPU
		{3F4A5ACB-C273-4020-AFCF-EF853C2ED0E7}.Ad-Hoc|x86.ActiveCfg = Debug|Any CPU
		{3F4A5ACB-C273-4020-AFCF-EF853C2ED0E7}.Ad-Hoc|x86.Build.0 = Debug|Any CPU
		{3F4A5ACB-C273-4020-AFCF-EF853C2ED0E7}.Ad-Hoc|x86.Deploy.0 = Debug|Any CPU
		{3F4A5ACB-C273-4020-AFCF-EF853C2ED0E7}.AppStore|Any CPU.ActiveCfg = Release|Any CPU
		{3F4A5ACB-C273-4020-AFCF-EF853C2ED0E7}.AppStore|Any CPU.Build.0 = Release|Any CPU
		{3F4A5ACB-C273-4020-AFCF-EF853C2ED0E7}.AppStore|Any CPU.Deploy.0 = Release|Any CPU
		{3F4A5ACB-C273-4020-AFCF-EF853C2ED0E7}.AppStore|ARM.ActiveCfg = Debug|Any CPU
		{3F4A5ACB-C273-4020-AFCF-EF853C2ED0E7}.AppStore|ARM.Build.0 = Debug|Any CPU
		{3F4A5ACB-C273-4020-AFCF-EF853C2ED0E7}.AppStore|ARM.Deploy.0 = Debug|Any CPU
		{3F4A5ACB-C273-4020-AFCF-EF853C2ED0E7}.AppStore|iPhone.ActiveCfg = Release|Any CPU
		{3F4A5ACB-C273-4020-AFCF-EF853C2ED0E7}.AppStore|iPhone.Build.0 = Release|Any CPU
		{3F4A5ACB-C273-4020-AFCF-EF853C2ED0E7}.AppStore|iPhone.Deploy.0 = Release|Any CPU
		{3F4A5ACB-C273-4020-AFCF-EF853C2ED0E7}.AppStore|iPhoneSimulator.ActiveCfg = Release|Any CPU
		{3F4A5ACB-C273-4020-AFCF-EF853C2ED0E7}.AppStore|iPhoneSimulator.Build.0 = Release|Any CPU
		{3F4A5ACB-C273-4020-AFCF-EF853C2ED0E7}.AppStore|iPhoneSimulator.Deploy.0 = Release|Any CPU
		{3F4A5ACB-C273-4020-AFCF-EF853C2ED0E7}.AppStore|x64.ActiveCfg = Debug|Any CPU
		{3F4A5ACB-C273-4020-AFCF-EF853C2ED0E7}.AppStore|x64.Build.0 = Debug|Any CPU
		{3F4A5ACB-C273-4020-AFCF-EF853C2ED0E7}.AppStore|x64.Deploy.0 = Debug|Any CPU
		{3F4A5ACB-C273-4020-AFCF-EF853C2ED0E7}.AppStore|x86.ActiveCfg = Debug|Any CPU
		{3F4A5ACB-C273-4020-AFCF-EF853C2ED0E7}.AppStore|x86.Build.0 = Debug|Any CPU
		{3F4A5ACB-C273-4020-AFCF-EF853C2ED0E7}.AppStore|x86.Deploy.0 = Debug|Any CPU
		{3F4A5ACB-C273-4020-AFCF-EF853C2ED0E7}.Debug|Any CPU.ActiveCfg = Debug|Any CPU
		{3F4A5ACB-C273-4020-AFCF-EF853C2ED0E7}.Debug|Any CPU.Build.0 = Debug|Any CPU
		{3F4A5ACB-C273-4020-AFCF-EF853C2ED0E7}.Debug|Any CPU.Deploy.0 = Debug|Any CPU
		{3F4A5ACB-C273-4020-AFCF-EF853C2ED0E7}.Debug|ARM.ActiveCfg = Debug|Any CPU
		{3F4A5ACB-C273-4020-AFCF-EF853C2ED0E7}.Debug|ARM.Build.0 = Debug|Any CPU
		{3F4A5ACB-C273-4020-AFCF-EF853C2ED0E7}.Debug|ARM.Deploy.0 = Debug|Any CPU
		{3F4A5ACB-C273-4020-AFCF-EF853C2ED0E7}.Debug|iPhone.ActiveCfg = Debug|Any CPU
		{3F4A5ACB-C273-4020-AFCF-EF853C2ED0E7}.Debug|iPhone.Build.0 = Debug|Any CPU
		{3F4A5ACB-C273-4020-AFCF-EF853C2ED0E7}.Debug|iPhone.Deploy.0 = Debug|Any CPU
		{3F4A5ACB-C273-4020-AFCF-EF853C2ED0E7}.Debug|iPhoneSimulator.ActiveCfg = Debug|Any CPU
		{3F4A5ACB-C273-4020-AFCF-EF853C2ED0E7}.Debug|iPhoneSimulator.Build.0 = Debug|Any CPU
		{3F4A5ACB-C273-4020-AFCF-EF853C2ED0E7}.Debug|iPhoneSimulator.Deploy.0 = Debug|Any CPU
		{3F4A5ACB-C273-4020-AFCF-EF853C2ED0E7}.Debug|x64.ActiveCfg = Debug|Any CPU
		{3F4A5ACB-C273-4020-AFCF-EF853C2ED0E7}.Debug|x64.Build.0 = Debug|Any CPU
		{3F4A5ACB-C273-4020-AFCF-EF853C2ED0E7}.Debug|x64.Deploy.0 = Debug|Any CPU
		{3F4A5ACB-C273-4020-AFCF-EF853C2ED0E7}.Debug|x86.ActiveCfg = Debug|Any CPU
		{3F4A5ACB-C273-4020-AFCF-EF853C2ED0E7}.Debug|x86.Build.0 = Debug|Any CPU
		{3F4A5ACB-C273-4020-AFCF-EF853C2ED0E7}.Debug|x86.Deploy.0 = Debug|Any CPU
		{3F4A5ACB-C273-4020-AFCF-EF853C2ED0E7}.Release|Any CPU.ActiveCfg = Release|Any CPU
		{3F4A5ACB-C273-4020-AFCF-EF853C2ED0E7}.Release|Any CPU.Build.0 = Release|Any CPU
		{3F4A5ACB-C273-4020-AFCF-EF853C2ED0E7}.Release|Any CPU.Deploy.0 = Release|Any CPU
		{3F4A5ACB-C273-4020-AFCF-EF853C2ED0E7}.Release|ARM.ActiveCfg = Release|Any CPU
		{3F4A5ACB-C273-4020-AFCF-EF853C2ED0E7}.Release|ARM.Build.0 = Release|Any CPU
		{3F4A5ACB-C273-4020-AFCF-EF853C2ED0E7}.Release|ARM.Deploy.0 = Release|Any CPU
		{3F4A5ACB-C273-4020-AFCF-EF853C2ED0E7}.Release|iPhone.ActiveCfg = Release|Any CPU
		{3F4A5ACB-C273-4020-AFCF-EF853C2ED0E7}.Release|iPhone.Build.0 = Release|Any CPU
		{3F4A5ACB-C273-4020-AFCF-EF853C2ED0E7}.Release|iPhone.Deploy.0 = Release|Any CPU
		{3F4A5ACB-C273-4020-AFCF-EF853C2ED0E7}.Release|iPhoneSimulator.ActiveCfg = Release|Any CPU
		{3F4A5ACB-C273-4020-AFCF-EF853C2ED0E7}.Release|iPhoneSimulator.Build.0 = Release|Any CPU
		{3F4A5ACB-C273-4020-AFCF-EF853C2ED0E7}.Release|iPhoneSimulator.Deploy.0 = Release|Any CPU
		{3F4A5ACB-C273-4020-AFCF-EF853C2ED0E7}.Release|x64.ActiveCfg = Release|Any CPU
		{3F4A5ACB-C273-4020-AFCF-EF853C2ED0E7}.Release|x64.Build.0 = Release|Any CPU
		{3F4A5ACB-C273-4020-AFCF-EF853C2ED0E7}.Release|x64.Deploy.0 = Release|Any CPU
		{3F4A5ACB-C273-4020-AFCF-EF853C2ED0E7}.Release|x86.ActiveCfg = Release|Any CPU
		{3F4A5ACB-C273-4020-AFCF-EF853C2ED0E7}.Release|x86.Build.0 = Release|Any CPU
		{3F4A5ACB-C273-4020-AFCF-EF853C2ED0E7}.Release|x86.Deploy.0 = Release|Any CPU
		{5D1D02D6-8E9E-4484-AFE9-246A2AFF71D9}.Ad-Hoc|Any CPU.ActiveCfg = Release|x64
		{5D1D02D6-8E9E-4484-AFE9-246A2AFF71D9}.Ad-Hoc|Any CPU.Build.0 = Release|x64
		{5D1D02D6-8E9E-4484-AFE9-246A2AFF71D9}.Ad-Hoc|Any CPU.Deploy.0 = Release|x64
		{5D1D02D6-8E9E-4484-AFE9-246A2AFF71D9}.Ad-Hoc|ARM.ActiveCfg = Release|ARM
		{5D1D02D6-8E9E-4484-AFE9-246A2AFF71D9}.Ad-Hoc|ARM.Build.0 = Release|ARM
		{5D1D02D6-8E9E-4484-AFE9-246A2AFF71D9}.Ad-Hoc|ARM.Deploy.0 = Release|ARM
		{5D1D02D6-8E9E-4484-AFE9-246A2AFF71D9}.Ad-Hoc|iPhone.ActiveCfg = Release|x64
		{5D1D02D6-8E9E-4484-AFE9-246A2AFF71D9}.Ad-Hoc|iPhone.Build.0 = Release|x64
		{5D1D02D6-8E9E-4484-AFE9-246A2AFF71D9}.Ad-Hoc|iPhone.Deploy.0 = Release|x64
		{5D1D02D6-8E9E-4484-AFE9-246A2AFF71D9}.Ad-Hoc|iPhoneSimulator.ActiveCfg = Release|x64
		{5D1D02D6-8E9E-4484-AFE9-246A2AFF71D9}.Ad-Hoc|iPhoneSimulator.Build.0 = Release|x64
		{5D1D02D6-8E9E-4484-AFE9-246A2AFF71D9}.Ad-Hoc|iPhoneSimulator.Deploy.0 = Release|x64
		{5D1D02D6-8E9E-4484-AFE9-246A2AFF71D9}.Ad-Hoc|x64.ActiveCfg = Release|x64
		{5D1D02D6-8E9E-4484-AFE9-246A2AFF71D9}.Ad-Hoc|x64.Build.0 = Release|x64
		{5D1D02D6-8E9E-4484-AFE9-246A2AFF71D9}.Ad-Hoc|x64.Deploy.0 = Release|x64
		{5D1D02D6-8E9E-4484-AFE9-246A2AFF71D9}.Ad-Hoc|x86.ActiveCfg = Release|x86
		{5D1D02D6-8E9E-4484-AFE9-246A2AFF71D9}.Ad-Hoc|x86.Build.0 = Release|x86
		{5D1D02D6-8E9E-4484-AFE9-246A2AFF71D9}.Ad-Hoc|x86.Deploy.0 = Release|x86
		{5D1D02D6-8E9E-4484-AFE9-246A2AFF71D9}.AppStore|Any CPU.ActiveCfg = Release|x64
		{5D1D02D6-8E9E-4484-AFE9-246A2AFF71D9}.AppStore|Any CPU.Build.0 = Release|x64
		{5D1D02D6-8E9E-4484-AFE9-246A2AFF71D9}.AppStore|Any CPU.Deploy.0 = Release|x64
		{5D1D02D6-8E9E-4484-AFE9-246A2AFF71D9}.AppStore|ARM.ActiveCfg = Release|ARM
		{5D1D02D6-8E9E-4484-AFE9-246A2AFF71D9}.AppStore|ARM.Build.0 = Release|ARM
		{5D1D02D6-8E9E-4484-AFE9-246A2AFF71D9}.AppStore|ARM.Deploy.0 = Release|ARM
		{5D1D02D6-8E9E-4484-AFE9-246A2AFF71D9}.AppStore|iPhone.ActiveCfg = Release|x64
		{5D1D02D6-8E9E-4484-AFE9-246A2AFF71D9}.AppStore|iPhone.Build.0 = Release|x64
		{5D1D02D6-8E9E-4484-AFE9-246A2AFF71D9}.AppStore|iPhone.Deploy.0 = Release|x64
		{5D1D02D6-8E9E-4484-AFE9-246A2AFF71D9}.AppStore|iPhoneSimulator.ActiveCfg = Release|x64
		{5D1D02D6-8E9E-4484-AFE9-246A2AFF71D9}.AppStore|iPhoneSimulator.Build.0 = Release|x64
		{5D1D02D6-8E9E-4484-AFE9-246A2AFF71D9}.AppStore|iPhoneSimulator.Deploy.0 = Release|x64
		{5D1D02D6-8E9E-4484-AFE9-246A2AFF71D9}.AppStore|x64.ActiveCfg = Release|x64
		{5D1D02D6-8E9E-4484-AFE9-246A2AFF71D9}.AppStore|x64.Build.0 = Release|x64
		{5D1D02D6-8E9E-4484-AFE9-246A2AFF71D9}.AppStore|x64.Deploy.0 = Release|x64
		{5D1D02D6-8E9E-4484-AFE9-246A2AFF71D9}.AppStore|x86.ActiveCfg = Release|x86
		{5D1D02D6-8E9E-4484-AFE9-246A2AFF71D9}.AppStore|x86.Build.0 = Release|x86
		{5D1D02D6-8E9E-4484-AFE9-246A2AFF71D9}.AppStore|x86.Deploy.0 = Release|x86
		{5D1D02D6-8E9E-4484-AFE9-246A2AFF71D9}.Debug|Any CPU.ActiveCfg = Debug|x86
		{5D1D02D6-8E9E-4484-AFE9-246A2AFF71D9}.Debug|Any CPU.Build.0 = Debug|x86
		{5D1D02D6-8E9E-4484-AFE9-246A2AFF71D9}.Debug|Any CPU.Deploy.0 = Debug|x86
		{5D1D02D6-8E9E-4484-AFE9-246A2AFF71D9}.Debug|ARM.ActiveCfg = Debug|ARM
		{5D1D02D6-8E9E-4484-AFE9-246A2AFF71D9}.Debug|ARM.Build.0 = Debug|ARM
		{5D1D02D6-8E9E-4484-AFE9-246A2AFF71D9}.Debug|ARM.Deploy.0 = Debug|ARM
		{5D1D02D6-8E9E-4484-AFE9-246A2AFF71D9}.Debug|iPhone.ActiveCfg = Debug|x86
		{5D1D02D6-8E9E-4484-AFE9-246A2AFF71D9}.Debug|iPhoneSimulator.ActiveCfg = Debug|x86
		{5D1D02D6-8E9E-4484-AFE9-246A2AFF71D9}.Debug|x64.ActiveCfg = Debug|x64
		{5D1D02D6-8E9E-4484-AFE9-246A2AFF71D9}.Debug|x64.Build.0 = Debug|x64
		{5D1D02D6-8E9E-4484-AFE9-246A2AFF71D9}.Debug|x64.Deploy.0 = Debug|x64
		{5D1D02D6-8E9E-4484-AFE9-246A2AFF71D9}.Debug|x86.ActiveCfg = Debug|x86
		{5D1D02D6-8E9E-4484-AFE9-246A2AFF71D9}.Debug|x86.Build.0 = Debug|x86
		{5D1D02D6-8E9E-4484-AFE9-246A2AFF71D9}.Debug|x86.Deploy.0 = Debug|x86
		{5D1D02D6-8E9E-4484-AFE9-246A2AFF71D9}.Release|Any CPU.ActiveCfg = Release|x64
		{5D1D02D6-8E9E-4484-AFE9-246A2AFF71D9}.Release|Any CPU.Build.0 = Release|x64
		{5D1D02D6-8E9E-4484-AFE9-246A2AFF71D9}.Release|Any CPU.Deploy.0 = Release|x64
		{5D1D02D6-8E9E-4484-AFE9-246A2AFF71D9}.Release|ARM.ActiveCfg = Release|ARM
		{5D1D02D6-8E9E-4484-AFE9-246A2AFF71D9}.Release|ARM.Build.0 = Release|ARM
		{5D1D02D6-8E9E-4484-AFE9-246A2AFF71D9}.Release|ARM.Deploy.0 = Release|ARM
		{5D1D02D6-8E9E-4484-AFE9-246A2AFF71D9}.Release|iPhone.ActiveCfg = Release|x86
		{5D1D02D6-8E9E-4484-AFE9-246A2AFF71D9}.Release|iPhoneSimulator.ActiveCfg = Release|x86
		{5D1D02D6-8E9E-4484-AFE9-246A2AFF71D9}.Release|x64.ActiveCfg = Release|x64
		{5D1D02D6-8E9E-4484-AFE9-246A2AFF71D9}.Release|x64.Build.0 = Release|x64
		{5D1D02D6-8E9E-4484-AFE9-246A2AFF71D9}.Release|x64.Deploy.0 = Release|x64
		{5D1D02D6-8E9E-4484-AFE9-246A2AFF71D9}.Release|x86.ActiveCfg = Release|x86
		{5D1D02D6-8E9E-4484-AFE9-246A2AFF71D9}.Release|x86.Build.0 = Release|x86
		{5D1D02D6-8E9E-4484-AFE9-246A2AFF71D9}.Release|x86.Deploy.0 = Release|x86
		{B6BBF972-CC03-4E8F-9F9C-C7608229DC60}.Ad-Hoc|Any CPU.ActiveCfg = Release|Any CPU
		{B6BBF972-CC03-4E8F-9F9C-C7608229DC60}.Ad-Hoc|Any CPU.Build.0 = Release|Any CPU
		{B6BBF972-CC03-4E8F-9F9C-C7608229DC60}.Ad-Hoc|ARM.ActiveCfg = Release|Any CPU
		{B6BBF972-CC03-4E8F-9F9C-C7608229DC60}.Ad-Hoc|ARM.Build.0 = Release|Any CPU
		{B6BBF972-CC03-4E8F-9F9C-C7608229DC60}.Ad-Hoc|iPhone.ActiveCfg = Release|Any CPU
		{B6BBF972-CC03-4E8F-9F9C-C7608229DC60}.Ad-Hoc|iPhone.Build.0 = Release|Any CPU
		{B6BBF972-CC03-4E8F-9F9C-C7608229DC60}.Ad-Hoc|iPhoneSimulator.ActiveCfg = Release|Any CPU
		{B6BBF972-CC03-4E8F-9F9C-C7608229DC60}.Ad-Hoc|iPhoneSimulator.Build.0 = Release|Any CPU
		{B6BBF972-CC03-4E8F-9F9C-C7608229DC60}.Ad-Hoc|x64.ActiveCfg = Release|Any CPU
		{B6BBF972-CC03-4E8F-9F9C-C7608229DC60}.Ad-Hoc|x64.Build.0 = Release|Any CPU
		{B6BBF972-CC03-4E8F-9F9C-C7608229DC60}.Ad-Hoc|x86.ActiveCfg = Release|Any CPU
		{B6BBF972-CC03-4E8F-9F9C-C7608229DC60}.Ad-Hoc|x86.Build.0 = Release|Any CPU
		{B6BBF972-CC03-4E8F-9F9C-C7608229DC60}.AppStore|Any CPU.ActiveCfg = Release|Any CPU
		{B6BBF972-CC03-4E8F-9F9C-C7608229DC60}.AppStore|Any CPU.Build.0 = Release|Any CPU
		{B6BBF972-CC03-4E8F-9F9C-C7608229DC60}.AppStore|ARM.ActiveCfg = Release|Any CPU
		{B6BBF972-CC03-4E8F-9F9C-C7608229DC60}.AppStore|ARM.Build.0 = Release|Any CPU
		{B6BBF972-CC03-4E8F-9F9C-C7608229DC60}.AppStore|iPhone.ActiveCfg = Release|Any CPU
		{B6BBF972-CC03-4E8F-9F9C-C7608229DC60}.AppStore|iPhone.Build.0 = Release|Any CPU
		{B6BBF972-CC03-4E8F-9F9C-C7608229DC60}.AppStore|iPhoneSimulator.ActiveCfg = Release|Any CPU
		{B6BBF972-CC03-4E8F-9F9C-C7608229DC60}.AppStore|iPhoneSimulator.Build.0 = Release|Any CPU
		{B6BBF972-CC03-4E8F-9F9C-C7608229DC60}.AppStore|x64.ActiveCfg = Release|Any CPU
		{B6BBF972-CC03-4E8F-9F9C-C7608229DC60}.AppStore|x64.Build.0 = Release|Any CPU
		{B6BBF972-CC03-4E8F-9F9C-C7608229DC60}.AppStore|x86.ActiveCfg = Release|Any CPU
		{B6BBF972-CC03-4E8F-9F9C-C7608229DC60}.AppStore|x86.Build.0 = Release|Any CPU
		{B6BBF972-CC03-4E8F-9F9C-C7608229DC60}.Debug|Any CPU.ActiveCfg = Debug|Any CPU
		{B6BBF972-CC03-4E8F-9F9C-C7608229DC60}.Debug|Any CPU.Build.0 = Debug|Any CPU
		{B6BBF972-CC03-4E8F-9F9C-C7608229DC60}.Debug|ARM.ActiveCfg = Debug|Any CPU
		{B6BBF972-CC03-4E8F-9F9C-C7608229DC60}.Debug|ARM.Build.0 = Debug|Any CPU
		{B6BBF972-CC03-4E8F-9F9C-C7608229DC60}.Debug|iPhone.ActiveCfg = Debug|Any CPU
		{B6BBF972-CC03-4E8F-9F9C-C7608229DC60}.Debug|iPhone.Build.0 = Debug|Any CPU
		{B6BBF972-CC03-4E8F-9F9C-C7608229DC60}.Debug|iPhoneSimulator.ActiveCfg = Debug|Any CPU
		{B6BBF972-CC03-4E8F-9F9C-C7608229DC60}.Debug|iPhoneSimulator.Build.0 = Debug|Any CPU
		{B6BBF972-CC03-4E8F-9F9C-C7608229DC60}.Debug|x64.ActiveCfg = Debug|Any CPU
		{B6BBF972-CC03-4E8F-9F9C-C7608229DC60}.Debug|x64.Build.0 = Debug|Any CPU
		{B6BBF972-CC03-4E8F-9F9C-C7608229DC60}.Debug|x86.ActiveCfg = Debug|Any CPU
		{B6BBF972-CC03-4E8F-9F9C-C7608229DC60}.Debug|x86.Build.0 = Debug|Any CPU
		{B6BBF972-CC03-4E8F-9F9C-C7608229DC60}.Release|Any CPU.ActiveCfg = Release|Any CPU
		{B6BBF972-CC03-4E8F-9F9C-C7608229DC60}.Release|Any CPU.Build.0 = Release|Any CPU
		{B6BBF972-CC03-4E8F-9F9C-C7608229DC60}.Release|ARM.ActiveCfg = Release|Any CPU
		{B6BBF972-CC03-4E8F-9F9C-C7608229DC60}.Release|ARM.Build.0 = Release|Any CPU
		{B6BBF972-CC03-4E8F-9F9C-C7608229DC60}.Release|iPhone.ActiveCfg = Release|Any CPU
		{B6BBF972-CC03-4E8F-9F9C-C7608229DC60}.Release|iPhone.Build.0 = Release|Any CPU
		{B6BBF972-CC03-4E8F-9F9C-C7608229DC60}.Release|iPhoneSimulator.ActiveCfg = Release|Any CPU
		{B6BBF972-CC03-4E8F-9F9C-C7608229DC60}.Release|iPhoneSimulator.Build.0 = Release|Any CPU
		{B6BBF972-CC03-4E8F-9F9C-C7608229DC60}.Release|x64.ActiveCfg = Release|Any CPU
		{B6BBF972-CC03-4E8F-9F9C-C7608229DC60}.Release|x64.Build.0 = Release|Any CPU
		{B6BBF972-CC03-4E8F-9F9C-C7608229DC60}.Release|x86.ActiveCfg = Release|Any CPU
		{B6BBF972-CC03-4E8F-9F9C-C7608229DC60}.Release|x86.Build.0 = Release|Any CPU
	EndGlobalSection
	GlobalSection(SolutionProperties) = preSolution
		HideSolutionNode = FALSE
	EndGlobalSection
	GlobalSection(ExtensibilityGlobals) = postSolution
		SolutionGuid = {40A556D7-DBAD-4238-8B29-247F60B6AF17}
	EndGlobalSection
EndGlobal
